
Microsoft Visual Studio Solution File, Format Version 12.00
# Visual Studio Version 16
VisualStudioVersion = 16.0.35130.168
MinimumVisualStudioVersion = 10.0.40219.1
Project("{FAE04EC0-301F-11D3-BF4B-00C04F79EFBC}") = "TaskWork1", "TaskWork1.csproj", "{31311E2E-86D2-463D-B462-30E22C92EE16}"
EndProject
Global
	GlobalSection(SolutionConfigurationPlatforms) = preSolution
		Debug|Any CPU = Debug|Any CPU
		Release|Any CPU = Release|Any CPU
	EndGlobalSection
	GlobalSection(ProjectConfigurationPlatforms) = postSolution
		{31311E2E-86D2-463D-B462-30E22C92EE16}.Debug|Any CPU.ActiveCfg = Debug|Any CPU
		{31311E2E-86D2-463D-B462-30E22C92EE16}.Debug|Any CPU.Build.0 = Debug|Any CPU
		{31311E2E-86D2-463D-B462-30E22C92EE16}.Release|Any CPU.ActiveCfg = Release|Any CPU
		{31311E2E-86D2-463D-B462-30E22C92EE16}.Release|Any CPU.Build.0 = Release|Any CPU
	EndGlobalSection
	GlobalSection(SolutionProperties) = preSolution
		HideSolutionNode = FALSE
	EndGlobalSection
	GlobalSection(ExtensibilityGlobals) = postSolution
		SolutionGuid = {D5D36AEA-2A51-4CF5-9EBE-5C74992C6090}
	EndGlobalSection
EndGlobal
